// !$*UTF8*$!
{
	archiveVersion = 1;
	classes = {
	};
	objectVersion = 50;
	objects = {

/* Begin PBXBuildFile section */
		2126FDD8222240B500B7C875 /* NotificationAttributes.swift in Sources */ = {isa = PBXBuildFile; fileRef = 2126FDD7222240B500B7C875 /* NotificationAttributes.swift */; };
		2126FDDA22225EA400B7C875 /* CGRect+Extension.swift in Sources */ = {isa = PBXBuildFile; fileRef = 2126FDD922225EA400B7C875 /* CGRect+Extension.swift */; };
		2126FDDC222260D300B7C875 /* ErrorNotificationProtocol.swift in Sources */ = {isa = PBXBuildFile; fileRef = 2126FDDB222260D300B7C875 /* ErrorNotificationProtocol.swift */; };
		212F0D4A222051A000837B85 /* APIClient.swift in Sources */ = {isa = PBXBuildFile; fileRef = 212F0D49222051A000837B85 /* APIClient.swift */; };
		212F0D4C222051AF00837B85 /* NetworkAdapter.swift in Sources */ = {isa = PBXBuildFile; fileRef = 212F0D4B222051AF00837B85 /* NetworkAdapter.swift */; };
		212F0D50222055CB00837B85 /* PostService.swift in Sources */ = {isa = PBXBuildFile; fileRef = 212F0D4F222055CB00837B85 /* PostService.swift */; };
		212F0D5322208BA300837B85 /* Post.swift in Sources */ = {isa = PBXBuildFile; fileRef = 212F0D5222208BA300837B85 /* Post.swift */; };
		212F0D5C22209E8100837B85 /* FeedTableViewCell.swift in Sources */ = {isa = PBXBuildFile; fileRef = 212F0D5A22209E8100837B85 /* FeedTableViewCell.swift */; };
		212F0D5D22209E8100837B85 /* FeedTableViewCell.xib in Resources */ = {isa = PBXBuildFile; fileRef = 212F0D5B22209E8100837B85 /* FeedTableViewCell.xib */; };
		212F0D602220B5DE00837B85 /* CacheAdapter.swift in Sources */ = {isa = PBXBuildFile; fileRef = 212F0D5F2220B5DE00837B85 /* CacheAdapter.swift */; };
		2139F181221F012800BF790E /* AppDelegate.swift in Sources */ = {isa = PBXBuildFile; fileRef = 2139F180221F012800BF790E /* AppDelegate.swift */; };
		2139F186221F012800BF790E /* Main.storyboard in Resources */ = {isa = PBXBuildFile; fileRef = 2139F184221F012800BF790E /* Main.storyboard */; };
		2139F189221F012800BF790E /* MailApp.xcdatamodeld in Sources */ = {isa = PBXBuildFile; fileRef = 2139F187221F012800BF790E /* MailApp.xcdatamodeld */; };
		2139F18E221F012900BF790E /* LaunchScreen.storyboard in Resources */ = {isa = PBXBuildFile; fileRef = 2139F18C221F012900BF790E /* LaunchScreen.storyboard */; };
		2139F199221F012A00BF790E /* MailAppTests.swift in Sources */ = {isa = PBXBuildFile; fileRef = 2139F198221F012A00BF790E /* MailAppTests.swift */; };
		2156B57E221F2E71002B8610 /* Assets.xcassets in Resources */ = {isa = PBXBuildFile; fileRef = 2156B57D221F2E71002B8610 /* Assets.xcassets */; };
		2156B582221F32B3002B8610 /* Localizable.strings in Resources */ = {isa = PBXBuildFile; fileRef = 2156B581221F32B3002B8610 /* Localizable.strings */; };
		2156B586221F3319002B8610 /* FeedViewController.swift in Sources */ = {isa = PBXBuildFile; fileRef = 2156B585221F3319002B8610 /* FeedViewController.swift */; };
		2156B589221F3340002B8610 /* FeedPresenter.swift in Sources */ = {isa = PBXBuildFile; fileRef = 2156B588221F3340002B8610 /* FeedPresenter.swift */; };
		2156B58B221F3397002B8610 /* FeedView.swift in Sources */ = {isa = PBXBuildFile; fileRef = 2156B58A221F3397002B8610 /* FeedView.swift */; };
		2156B58F221F3414002B8610 /* String+Extension.swift in Sources */ = {isa = PBXBuildFile; fileRef = 2156B58E221F3414002B8610 /* String+Extension.swift */; };
		21CE0B0E22210D8F00D0EBC9 /* RealmManager.swift in Sources */ = {isa = PBXBuildFile; fileRef = 21CE0B0D22210D8F00D0EBC9 /* RealmManager.swift */; };
		21CE0B102221ADF600D0EBC9 /* NetworkRequest.swift in Sources */ = {isa = PBXBuildFile; fileRef = 21CE0B0F2221ADF600D0EBC9 /* NetworkRequest.swift */; };
		21CE0B122221AF5100D0EBC9 /* UIColor+Extension.swift in Sources */ = {isa = PBXBuildFile; fileRef = 21CE0B112221AF5100D0EBC9 /* UIColor+Extension.swift */; };
		21CE0B142221E97E00D0EBC9 /* UserService.swift in Sources */ = {isa = PBXBuildFile; fileRef = 21CE0B132221E97E00D0EBC9 /* UserService.swift */; };
		21CE0B1A2221ED2B00D0EBC9 /* DetailPresenter.swift in Sources */ = {isa = PBXBuildFile; fileRef = 21CE0B192221ED2B00D0EBC9 /* DetailPresenter.swift */; };
		21CE0B1C2221ED3700D0EBC9 /* User.swift in Sources */ = {isa = PBXBuildFile; fileRef = 21CE0B1B2221ED3700D0EBC9 /* User.swift */; };
		21CE0B1E2221F0F900D0EBC9 /* DetailView.swift in Sources */ = {isa = PBXBuildFile; fileRef = 21CE0B1D2221F0F900D0EBC9 /* DetailView.swift */; };
		21CE0B202221F56A00D0EBC9 /* DetailViewController.swift in Sources */ = {isa = PBXBuildFile; fileRef = 21CE0B1F2221F56A00D0EBC9 /* DetailViewController.swift */; };
/* End PBXBuildFile section */

/* Begin PBXContainerItemProxy section */
		2139F195221F012A00BF790E /* PBXContainerItemProxy */ = {
			isa = PBXContainerItemProxy;
			containerPortal = 2139F175221F012800BF790E /* Project object */;
			proxyType = 1;
			remoteGlobalIDString = 2139F17C221F012800BF790E;
			remoteInfo = MailApp;
		};
/* End PBXContainerItemProxy section */

/* Begin PBXFileReference section */
		2126FDD7222240B500B7C875 /* NotificationAttributes.swift */ = {isa = PBXFileReference; lastKnownFileType = sourcecode.swift; path = NotificationAttributes.swift; sourceTree = "<group>"; };
		2126FDD922225EA400B7C875 /* CGRect+Extension.swift */ = {isa = PBXFileReference; lastKnownFileType = sourcecode.swift; path = "CGRect+Extension.swift"; sourceTree = "<group>"; };
		2126FDDB222260D300B7C875 /* ErrorNotificationProtocol.swift */ = {isa = PBXFileReference; lastKnownFileType = sourcecode.swift; path = ErrorNotificationProtocol.swift; sourceTree = "<group>"; };
		212F0D49222051A000837B85 /* APIClient.swift */ = {isa = PBXFileReference; lastKnownFileType = sourcecode.swift; path = APIClient.swift; sourceTree = "<group>"; };
		212F0D4B222051AF00837B85 /* NetworkAdapter.swift */ = {isa = PBXFileReference; lastKnownFileType = sourcecode.swift; path = NetworkAdapter.swift; sourceTree = "<group>"; };
		212F0D4F222055CB00837B85 /* PostService.swift */ = {isa = PBXFileReference; lastKnownFileType = sourcecode.swift; path = PostService.swift; sourceTree = "<group>"; };
		212F0D5222208BA300837B85 /* Post.swift */ = {isa = PBXFileReference; lastKnownFileType = sourcecode.swift; path = Post.swift; sourceTree = "<group>"; };
		212F0D5622209B8F00837B85 /* Alamofire.framework */ = {isa = PBXFileReference; lastKnownFileType = wrapper.framework; name = Alamofire.framework; path = Carthage/Build/iOS/Alamofire.framework; sourceTree = "<group>"; };
		212F0D5922209C0E00837B85 /* CarthageInput.xcfilelist */ = {isa = PBXFileReference; lastKnownFileType = text.xcfilelist; path = CarthageInput.xcfilelist; sourceTree = "<group>"; };
		212F0D5A22209E8100837B85 /* FeedTableViewCell.swift */ = {isa = PBXFileReference; lastKnownFileType = sourcecode.swift; path = FeedTableViewCell.swift; sourceTree = "<group>"; };
		212F0D5B22209E8100837B85 /* FeedTableViewCell.xib */ = {isa = PBXFileReference; lastKnownFileType = file.xib; path = FeedTableViewCell.xib; sourceTree = "<group>"; };
		212F0D5F2220B5DE00837B85 /* CacheAdapter.swift */ = {isa = PBXFileReference; lastKnownFileType = sourcecode.swift; path = CacheAdapter.swift; sourceTree = "<group>"; };
		2139F17D221F012800BF790E /* MailApp.app */ = {isa = PBXFileReference; explicitFileType = wrapper.application; includeInIndex = 0; path = MailApp.app; sourceTree = BUILT_PRODUCTS_DIR; };
		2139F180221F012800BF790E /* AppDelegate.swift */ = {isa = PBXFileReference; lastKnownFileType = sourcecode.swift; path = AppDelegate.swift; sourceTree = "<group>"; };
		2139F185221F012800BF790E /* Base */ = {isa = PBXFileReference; lastKnownFileType = file.storyboard; name = Base; path = Base.lproj/Main.storyboard; sourceTree = "<group>"; };
		2139F188221F012800BF790E /* MailApp.xcdatamodel */ = {isa = PBXFileReference; lastKnownFileType = wrapper.xcdatamodel; path = MailApp.xcdatamodel; sourceTree = "<group>"; };
		2139F18D221F012900BF790E /* Base */ = {isa = PBXFileReference; lastKnownFileType = file.storyboard; name = Base; path = Base.lproj/LaunchScreen.storyboard; sourceTree = "<group>"; };
		2139F18F221F012900BF790E /* Info.plist */ = {isa = PBXFileReference; lastKnownFileType = text.plist.xml; path = Info.plist; sourceTree = "<group>"; };
		2139F194221F012A00BF790E /* MailAppTests.xctest */ = {isa = PBXFileReference; explicitFileType = wrapper.cfbundle; includeInIndex = 0; path = MailAppTests.xctest; sourceTree = BUILT_PRODUCTS_DIR; };
		2139F198221F012A00BF790E /* MailAppTests.swift */ = {isa = PBXFileReference; lastKnownFileType = sourcecode.swift; path = MailAppTests.swift; sourceTree = "<group>"; };
		2139F19A221F012A00BF790E /* Info.plist */ = {isa = PBXFileReference; lastKnownFileType = text.plist.xml; path = Info.plist; sourceTree = "<group>"; };
		2156B57D221F2E71002B8610 /* Assets.xcassets */ = {isa = PBXFileReference; lastKnownFileType = folder.assetcatalog; path = Assets.xcassets; sourceTree = "<group>"; };
		2156B581221F32B3002B8610 /* Localizable.strings */ = {isa = PBXFileReference; lastKnownFileType = text.plist.strings; path = Localizable.strings; sourceTree = "<group>"; };
		2156B585221F3319002B8610 /* FeedViewController.swift */ = {isa = PBXFileReference; lastKnownFileType = sourcecode.swift; path = FeedViewController.swift; sourceTree = "<group>"; };
		2156B588221F3340002B8610 /* FeedPresenter.swift */ = {isa = PBXFileReference; lastKnownFileType = sourcecode.swift; path = FeedPresenter.swift; sourceTree = "<group>"; };
		2156B58A221F3397002B8610 /* FeedView.swift */ = {isa = PBXFileReference; lastKnownFileType = sourcecode.swift; path = FeedView.swift; sourceTree = "<group>"; };
		2156B58E221F3414002B8610 /* String+Extension.swift */ = {isa = PBXFileReference; lastKnownFileType = sourcecode.swift; path = "String+Extension.swift"; sourceTree = "<group>"; };
		21CE0B0D22210D8F00D0EBC9 /* RealmManager.swift */ = {isa = PBXFileReference; lastKnownFileType = sourcecode.swift; path = RealmManager.swift; sourceTree = "<group>"; };
		21CE0B0F2221ADF600D0EBC9 /* NetworkRequest.swift */ = {isa = PBXFileReference; lastKnownFileType = sourcecode.swift; path = NetworkRequest.swift; sourceTree = "<group>"; };
		21CE0B112221AF5100D0EBC9 /* UIColor+Extension.swift */ = {isa = PBXFileReference; lastKnownFileType = sourcecode.swift; path = "UIColor+Extension.swift"; sourceTree = "<group>"; };
		21CE0B132221E97E00D0EBC9 /* UserService.swift */ = {isa = PBXFileReference; lastKnownFileType = sourcecode.swift; path = UserService.swift; sourceTree = "<group>"; };
		21CE0B192221ED2B00D0EBC9 /* DetailPresenter.swift */ = {isa = PBXFileReference; lastKnownFileType = sourcecode.swift; path = DetailPresenter.swift; sourceTree = "<group>"; };
		21CE0B1B2221ED3700D0EBC9 /* User.swift */ = {isa = PBXFileReference; lastKnownFileType = sourcecode.swift; path = User.swift; sourceTree = "<group>"; };
		21CE0B1D2221F0F900D0EBC9 /* DetailView.swift */ = {isa = PBXFileReference; lastKnownFileType = sourcecode.swift; path = DetailView.swift; sourceTree = "<group>"; };
		21CE0B1F2221F56A00D0EBC9 /* DetailViewController.swift */ = {isa = PBXFileReference; lastKnownFileType = sourcecode.swift; path = DetailViewController.swift; sourceTree = "<group>"; };
		D94E2F7022238E44007609F2 /* SwiftEntryKit.framework */ = {isa = PBXFileReference; lastKnownFileType = wrapper.framework; name = SwiftEntryKit.framework; path = Carthage/Build/iOS/SwiftEntryKit.framework; sourceTree = "<group>"; };
		D94E2F7122238E44007609F2 /* ViewAnimator.framework */ = {isa = PBXFileReference; lastKnownFileType = wrapper.framework; name = ViewAnimator.framework; path = Carthage/Build/iOS/ViewAnimator.framework; sourceTree = "<group>"; };
		D94E2F7222238E44007609F2 /* QuickLayout.framework */ = {isa = PBXFileReference; lastKnownFileType = wrapper.framework; name = QuickLayout.framework; path = Carthage/Build/iOS/QuickLayout.framework; sourceTree = "<group>"; };
		D94E2F7322238E44007609F2 /* Realm.framework */ = {isa = PBXFileReference; lastKnownFileType = wrapper.framework; name = Realm.framework; path = Carthage/Build/iOS/Realm.framework; sourceTree = "<group>"; };
		D94E2F7422238E44007609F2 /* RealmSwift.framework */ = {isa = PBXFileReference; lastKnownFileType = wrapper.framework; name = RealmSwift.framework; path = Carthage/Build/iOS/RealmSwift.framework; sourceTree = "<group>"; };
/* End PBXFileReference section */

/* Begin PBXFrameworksBuildPhase section */
		2139F17A221F012800BF790E /* Frameworks */ = {
			isa = PBXFrameworksBuildPhase;
			buildActionMask = 2147483647;
			files = (
			);
			runOnlyForDeploymentPostprocessing = 0;
		};
		2139F191221F012A00BF790E /* Frameworks */ = {
			isa = PBXFrameworksBuildPhase;
			buildActionMask = 2147483647;
			files = (
			);
			runOnlyForDeploymentPostprocessing = 0;
		};
/* End PBXFrameworksBuildPhase section */

/* Begin PBXGroup section */
		2126FDD6222240A200B7C875 /* Notification */ = {
			isa = PBXGroup;
			children = (
				2126FDD7222240B500B7C875 /* NotificationAttributes.swift */,
			);
			path = Notification;
			sourceTree = "<group>";
		};
		212F0D482220519000837B85 /* Networking */ = {
			isa = PBXGroup;
			children = (
				212F0D49222051A000837B85 /* APIClient.swift */,
				212F0D4B222051AF00837B85 /* NetworkAdapter.swift */,
				212F0D4F222055CB00837B85 /* PostService.swift */,
				21CE0B0F2221ADF600D0EBC9 /* NetworkRequest.swift */,
				21CE0B132221E97E00D0EBC9 /* UserService.swift */,
			);
			path = Networking;
			sourceTree = "<group>";
		};
		212F0D5122208B9400837B85 /* Model */ = {
			isa = PBXGroup;
			children = (
				212F0D5222208BA300837B85 /* Post.swift */,
			);
			path = Model;
			sourceTree = "<group>";
		};
		212F0D5522209B8F00837B85 /* Frameworks */ = {
			isa = PBXGroup;
			children = (
				D94E2F7222238E44007609F2 /* QuickLayout.framework */,
				D94E2F7322238E44007609F2 /* Realm.framework */,
				D94E2F7422238E44007609F2 /* RealmSwift.framework */,
				D94E2F7022238E44007609F2 /* SwiftEntryKit.framework */,
				D94E2F7122238E44007609F2 /* ViewAnimator.framework */,
				212F0D5622209B8F00837B85 /* Alamofire.framework */,
			);
			name = Frameworks;
			sourceTree = "<group>";
		};
		212F0D5E2220B5C400837B85 /* Cache */ = {
			isa = PBXGroup;
			children = (
				212F0D5F2220B5DE00837B85 /* CacheAdapter.swift */,
				21CE0B0D22210D8F00D0EBC9 /* RealmManager.swift */,
			);
			path = Cache;
			sourceTree = "<group>";
		};
		2139F174221F012800BF790E = {
			isa = PBXGroup;
			children = (
				2139F17F221F012800BF790E /* MailApp */,
				2139F197221F012A00BF790E /* MailAppTests */,
				2139F17E221F012800BF790E /* Products */,
				212F0D5522209B8F00837B85 /* Frameworks */,
			);
			sourceTree = "<group>";
		};
		2139F17E221F012800BF790E /* Products */ = {
			isa = PBXGroup;
			children = (
				2139F17D221F012800BF790E /* MailApp.app */,
				2139F194221F012A00BF790E /* MailAppTests.xctest */,
			);
			name = Products;
			sourceTree = "<group>";
		};
		2139F17F221F012800BF790E /* MailApp */ = {
			isa = PBXGroup;
			children = (
				21CE0B152221ECEC00D0EBC9 /* Detail */,
				212F0D5E2220B5C400837B85 /* Cache */,
				212F0D482220519000837B85 /* Networking */,
				2156B58C221F33F3002B8610 /* Common */,
				2156B583221F32E0002B8610 /* Feed */,
				2156B57C221F2E4A002B8610 /* Assets */,
				2156B57A221F2BFC002B8610 /* Supporting Files */,
				2139F180221F012800BF790E /* AppDelegate.swift */,
				2139F184221F012800BF790E /* Main.storyboard */,
				2139F18C221F012900BF790E /* LaunchScreen.storyboard */,
				2139F18F221F012900BF790E /* Info.plist */,
				2139F187221F012800BF790E /* MailApp.xcdatamodeld */,
			);
			path = MailApp;
			sourceTree = "<group>";
		};
		2139F197221F012A00BF790E /* MailAppTests */ = {
			isa = PBXGroup;
			children = (
				2139F198221F012A00BF790E /* MailAppTests.swift */,
				2139F19A221F012A00BF790E /* Info.plist */,
			);
			path = MailAppTests;
			sourceTree = "<group>";
		};
		2156B57A221F2BFC002B8610 /* Supporting Files */ = {
			isa = PBXGroup;
			children = (
				212F0D5922209C0E00837B85 /* CarthageInput.xcfilelist */,
			);
			path = "Supporting Files";
			sourceTree = "<group>";
		};
		2156B57C221F2E4A002B8610 /* Assets */ = {
			isa = PBXGroup;
			children = (
				2156B57D221F2E71002B8610 /* Assets.xcassets */,
				2156B581221F32B3002B8610 /* Localizable.strings */,
			);
			path = Assets;
			sourceTree = "<group>";
		};
		2156B583221F32E0002B8610 /* Feed */ = {
			isa = PBXGroup;
			children = (
				212F0D5122208B9400837B85 /* Model */,
				2156B587221F3327002B8610 /* Presenter */,
				2156B584221F32F3002B8610 /* View */,
			);
			path = Feed;
			sourceTree = "<group>";
		};
		2156B584221F32F3002B8610 /* View */ = {
			isa = PBXGroup;
			children = (
				2156B585221F3319002B8610 /* FeedViewController.swift */,
				2156B58A221F3397002B8610 /* FeedView.swift */,
				212F0D5A22209E8100837B85 /* FeedTableViewCell.swift */,
				212F0D5B22209E8100837B85 /* FeedTableViewCell.xib */,
			);
			path = View;
			sourceTree = "<group>";
		};
		2156B587221F3327002B8610 /* Presenter */ = {
			isa = PBXGroup;
			children = (
				2156B588221F3340002B8610 /* FeedPresenter.swift */,
			);
			path = Presenter;
			sourceTree = "<group>";
		};
		2156B58C221F33F3002B8610 /* Common */ = {
			isa = PBXGroup;
			children = (
				2126FDD6222240A200B7C875 /* Notification */,
				2156B58D221F33FF002B8610 /* Extensions */,
			);
			path = Common;
			sourceTree = "<group>";
		};
		2156B58D221F33FF002B8610 /* Extensions */ = {
			isa = PBXGroup;
			children = (
				2156B58E221F3414002B8610 /* String+Extension.swift */,
				21CE0B112221AF5100D0EBC9 /* UIColor+Extension.swift */,
				2126FDD922225EA400B7C875 /* CGRect+Extension.swift */,
				2126FDDB222260D300B7C875 /* ErrorNotificationProtocol.swift */,
			);
			path = Extensions;
			sourceTree = "<group>";
		};
		21CE0B152221ECEC00D0EBC9 /* Detail */ = {
			isa = PBXGroup;
			children = (
				21CE0B182221ED1900D0EBC9 /* Presenter */,
				21CE0B172221ED1300D0EBC9 /* Model */,
				21CE0B162221ED0E00D0EBC9 /* View */,
			);
			path = Detail;
			sourceTree = "<group>";
		};
		21CE0B162221ED0E00D0EBC9 /* View */ = {
			isa = PBXGroup;
			children = (
				21CE0B1D2221F0F900D0EBC9 /* DetailView.swift */,
				21CE0B1F2221F56A00D0EBC9 /* DetailViewController.swift */,
			);
			path = View;
			sourceTree = "<group>";
		};
		21CE0B172221ED1300D0EBC9 /* Model */ = {
			isa = PBXGroup;
			children = (
				21CE0B1B2221ED3700D0EBC9 /* User.swift */,
			);
			path = Model;
			sourceTree = "<group>";
		};
		21CE0B182221ED1900D0EBC9 /* Presenter */ = {
			isa = PBXGroup;
			children = (
				21CE0B192221ED2B00D0EBC9 /* DetailPresenter.swift */,
			);
			path = Presenter;
			sourceTree = "<group>";
		};
/* End PBXGroup section */

/* Begin PBXNativeTarget section */
		2139F17C221F012800BF790E /* MailApp */ = {
			isa = PBXNativeTarget;
			buildConfigurationList = 2139F19D221F012A00BF790E /* Build configuration list for PBXNativeTarget "MailApp" */;
			buildPhases = (
				2139F179221F012800BF790E /* Sources */,
				2139F17A221F012800BF790E /* Frameworks */,
				2139F17B221F012800BF790E /* Resources */,
				212F0D5822209BB800837B85 /* Run Script - Carthage */,
			);
			buildRules = (
			);
			dependencies = (
			);
			name = MailApp;
			productName = MailApp;
			productReference = 2139F17D221F012800BF790E /* MailApp.app */;
			productType = "com.apple.product-type.application";
		};
		2139F193221F012A00BF790E /* MailAppTests */ = {
			isa = PBXNativeTarget;
			buildConfigurationList = 2139F1A0221F012A00BF790E /* Build configuration list for PBXNativeTarget "MailAppTests" */;
			buildPhases = (
				2139F190221F012A00BF790E /* Sources */,
				2139F191221F012A00BF790E /* Frameworks */,
				2139F192221F012A00BF790E /* Resources */,
			);
			buildRules = (
			);
			dependencies = (
				2139F196221F012A00BF790E /* PBXTargetDependency */,
			);
			name = MailAppTests;
			productName = MailAppTests;
			productReference = 2139F194221F012A00BF790E /* MailAppTests.xctest */;
			productType = "com.apple.product-type.bundle.unit-test";
		};
/* End PBXNativeTarget section */

/* Begin PBXProject section */
		2139F175221F012800BF790E /* Project object */ = {
			isa = PBXProject;
			attributes = {
				LastSwiftUpdateCheck = 1010;
				LastUpgradeCheck = 1010;
				ORGANIZATIONNAME = "Santiago Avila Arroyave";
				TargetAttributes = {
					2139F17C221F012800BF790E = {
						CreatedOnToolsVersion = 10.1;
					};
					2139F193221F012A00BF790E = {
						CreatedOnToolsVersion = 10.1;
						TestTargetID = 2139F17C221F012800BF790E;
					};
				};
			};
			buildConfigurationList = 2139F178221F012800BF790E /* Build configuration list for PBXProject "MailApp" */;
			compatibilityVersion = "Xcode 9.3";
			developmentRegion = en;
			hasScannedForEncodings = 0;
			knownRegions = (
				en,
				Base,
			);
			mainGroup = 2139F174221F012800BF790E;
			productRefGroup = 2139F17E221F012800BF790E /* Products */;
			projectDirPath = "";
			projectRoot = "";
			targets = (
				2139F17C221F012800BF790E /* MailApp */,
				2139F193221F012A00BF790E /* MailAppTests */,
			);
		};
/* End PBXProject section */

/* Begin PBXResourcesBuildPhase section */
		2139F17B221F012800BF790E /* Resources */ = {
			isa = PBXResourcesBuildPhase;
			buildActionMask = 2147483647;
			files = (
				2139F18E221F012900BF790E /* LaunchScreen.storyboard in Resources */,
				212F0D5D22209E8100837B85 /* FeedTableViewCell.xib in Resources */,
				2156B582221F32B3002B8610 /* Localizable.strings in Resources */,
				2156B57E221F2E71002B8610 /* Assets.xcassets in Resources */,
				2139F186221F012800BF790E /* Main.storyboard in Resources */,
			);
			runOnlyForDeploymentPostprocessing = 0;
		};
		2139F192221F012A00BF790E /* Resources */ = {
			isa = PBXResourcesBuildPhase;
			buildActionMask = 2147483647;
			files = (
			);
			runOnlyForDeploymentPostprocessing = 0;
		};
/* End PBXResourcesBuildPhase section */

/* Begin PBXShellScriptBuildPhase section */
		212F0D5822209BB800837B85 /* Run Script - Carthage */ = {
			isa = PBXShellScriptBuildPhase;
			buildActionMask = 2147483647;
			files = (
			);
			inputFileListPaths = (
			);
			inputPaths = (
				"$(SRCROOT)/Carthage/Build/iOS/Alamofire.framework",
        "$(SRCROOT)/Carthage/Build/iOS/QuickLayout.framework",
        "$(SRCROOT)/Carthage/Build/iOS/Realm.framework",
				"$(SRCROOT)/Carthage/Build/iOS/RealmSwift.framework",
        "$(SRCROOT)/Carthage/Build/iOS/SwiftEntryKit.framework",
				"$(SRCROOT)/Carthage/Build/iOS/ViewAnimator.framework",
			);
			name = "Run Script - Carthage";
			outputFileListPaths = (
			);
			outputPaths = (
			);
			runOnlyForDeploymentPostprocessing = 0;
			shellPath = /bin/sh;
			shellScript = "/usr/local/bin/carthage copy-frameworks\n";
		};
/* End PBXShellScriptBuildPhase section */

/* Begin PBXSourcesBuildPhase section */
		2139F179221F012800BF790E /* Sources */ = {
			isa = PBXSourcesBuildPhase;
			buildActionMask = 2147483647;
			files = (
				21CE0B102221ADF600D0EBC9 /* NetworkRequest.swift in Sources */,
				21CE0B0E22210D8F00D0EBC9 /* RealmManager.swift in Sources */,
				2156B586221F3319002B8610 /* FeedViewController.swift in Sources */,
				2156B58F221F3414002B8610 /* String+Extension.swift in Sources */,
				2139F189221F012800BF790E /* MailApp.xcdatamodeld in Sources */,
				2126FDDA22225EA400B7C875 /* CGRect+Extension.swift in Sources */,
				2156B589221F3340002B8610 /* FeedPresenter.swift in Sources */,
				212F0D602220B5DE00837B85 /* CacheAdapter.swift in Sources */,
				2126FDDC222260D300B7C875 /* ErrorNotificationProtocol.swift in Sources */,
				21CE0B202221F56A00D0EBC9 /* DetailViewController.swift in Sources */,
				212F0D4C222051AF00837B85 /* NetworkAdapter.swift in Sources */,
				2126FDD8222240B500B7C875 /* NotificationAttributes.swift in Sources */,
				2156B58B221F3397002B8610 /* FeedView.swift in Sources */,
				21CE0B142221E97E00D0EBC9 /* UserService.swift in Sources */,
				21CE0B122221AF5100D0EBC9 /* UIColor+Extension.swift in Sources */,
				212F0D4A222051A000837B85 /* APIClient.swift in Sources */,
				212F0D50222055CB00837B85 /* PostService.swift in Sources */,
				2139F181221F012800BF790E /* AppDelegate.swift in Sources */,
				21CE0B1C2221ED3700D0EBC9 /* User.swift in Sources */,
				212F0D5322208BA300837B85 /* Post.swift in Sources */,
				21CE0B1E2221F0F900D0EBC9 /* DetailView.swift in Sources */,
				212F0D5C22209E8100837B85 /* FeedTableViewCell.swift in Sources */,
				21CE0B1A2221ED2B00D0EBC9 /* DetailPresenter.swift in Sources */,
			);
			runOnlyForDeploymentPostprocessing = 0;
		};
		2139F190221F012A00BF790E /* Sources */ = {
			isa = PBXSourcesBuildPhase;
			buildActionMask = 2147483647;
			files = (
				2139F199221F012A00BF790E /* MailAppTests.swift in Sources */,
			);
			runOnlyForDeploymentPostprocessing = 0;
		};
/* End PBXSourcesBuildPhase section */

/* Begin PBXTargetDependency section */
		2139F196221F012A00BF790E /* PBXTargetDependency */ = {
			isa = PBXTargetDependency;
			target = 2139F17C221F012800BF790E /* MailApp */;
			targetProxy = 2139F195221F012A00BF790E /* PBXContainerItemProxy */;
		};
/* End PBXTargetDependency section */

/* Begin PBXVariantGroup section */
		2139F184221F012800BF790E /* Main.storyboard */ = {
			isa = PBXVariantGroup;
			children = (
				2139F185221F012800BF790E /* Base */,
			);
			name = Main.storyboard;
			sourceTree = "<group>";
		};
		2139F18C221F012900BF790E /* LaunchScreen.storyboard */ = {
			isa = PBXVariantGroup;
			children = (
				2139F18D221F012900BF790E /* Base */,
			);
			name = LaunchScreen.storyboard;
			sourceTree = "<group>";
		};
/* End PBXVariantGroup section */

/* Begin XCBuildConfiguration section */
		2139F19B221F012A00BF790E /* Debug */ = {
			isa = XCBuildConfiguration;
			buildSettings = {
				ALWAYS_SEARCH_USER_PATHS = NO;
				CLANG_ANALYZER_NONNULL = YES;
				CLANG_ANALYZER_NUMBER_OBJECT_CONVERSION = YES_AGGRESSIVE;
				CLANG_CXX_LANGUAGE_STANDARD = "gnu++14";
				CLANG_CXX_LIBRARY = "libc++";
				CLANG_ENABLE_MODULES = YES;
				CLANG_ENABLE_OBJC_ARC = YES;
				CLANG_ENABLE_OBJC_WEAK = YES;
				CLANG_WARN_BLOCK_CAPTURE_AUTORELEASING = YES;
				CLANG_WARN_BOOL_CONVERSION = YES;
				CLANG_WARN_COMMA = YES;
				CLANG_WARN_CONSTANT_CONVERSION = YES;
				CLANG_WARN_DEPRECATED_OBJC_IMPLEMENTATIONS = YES;
				CLANG_WARN_DIRECT_OBJC_ISA_USAGE = YES_ERROR;
				CLANG_WARN_DOCUMENTATION_COMMENTS = YES;
				CLANG_WARN_EMPTY_BODY = YES;
				CLANG_WARN_ENUM_CONVERSION = YES;
				CLANG_WARN_INFINITE_RECURSION = YES;
				CLANG_WARN_INT_CONVERSION = YES;
				CLANG_WARN_NON_LITERAL_NULL_CONVERSION = YES;
				CLANG_WARN_OBJC_IMPLICIT_RETAIN_SELF = YES;
				CLANG_WARN_OBJC_LITERAL_CONVERSION = YES;
				CLANG_WARN_OBJC_ROOT_CLASS = YES_ERROR;
				CLANG_WARN_RANGE_LOOP_ANALYSIS = YES;
				CLANG_WARN_STRICT_PROTOTYPES = YES;
				CLANG_WARN_SUSPICIOUS_MOVE = YES;
				CLANG_WARN_UNGUARDED_AVAILABILITY = YES_AGGRESSIVE;
				CLANG_WARN_UNREACHABLE_CODE = YES;
				CLANG_WARN__DUPLICATE_METHOD_MATCH = YES;
				CODE_SIGN_IDENTITY = "iPhone Developer";
				COPY_PHASE_STRIP = NO;
				DEBUG_INFORMATION_FORMAT = dwarf;
				ENABLE_STRICT_OBJC_MSGSEND = YES;
				ENABLE_TESTABILITY = YES;
				GCC_C_LANGUAGE_STANDARD = gnu11;
				GCC_DYNAMIC_NO_PIC = NO;
				GCC_NO_COMMON_BLOCKS = YES;
				GCC_OPTIMIZATION_LEVEL = 0;
				GCC_PREPROCESSOR_DEFINITIONS = (
					"DEBUG=1",
					"$(inherited)",
				);
				GCC_WARN_64_TO_32_BIT_CONVERSION = YES;
				GCC_WARN_ABOUT_RETURN_TYPE = YES_ERROR;
				GCC_WARN_UNDECLARED_SELECTOR = YES;
				GCC_WARN_UNINITIALIZED_AUTOS = YES_AGGRESSIVE;
				GCC_WARN_UNUSED_FUNCTION = YES;
				GCC_WARN_UNUSED_VARIABLE = YES;
				IPHONEOS_DEPLOYMENT_TARGET = 12.1;
				MTL_ENABLE_DEBUG_INFO = INCLUDE_SOURCE;
				MTL_FAST_MATH = YES;
				ONLY_ACTIVE_ARCH = YES;
				SDKROOT = iphoneos;
				SWIFT_ACTIVE_COMPILATION_CONDITIONS = DEBUG;
				SWIFT_OPTIMIZATION_LEVEL = "-Onone";
			};
			name = Debug;
		};
		2139F19C221F012A00BF790E /* Release */ = {
			isa = XCBuildConfiguration;
			buildSettings = {
				ALWAYS_SEARCH_USER_PATHS = NO;
				CLANG_ANALYZER_NONNULL = YES;
				CLANG_ANALYZER_NUMBER_OBJECT_CONVERSION = YES_AGGRESSIVE;
				CLANG_CXX_LANGUAGE_STANDARD = "gnu++14";
				CLANG_CXX_LIBRARY = "libc++";
				CLANG_ENABLE_MODULES = YES;
				CLANG_ENABLE_OBJC_ARC = YES;
				CLANG_ENABLE_OBJC_WEAK = YES;
				CLANG_WARN_BLOCK_CAPTURE_AUTORELEASING = YES;
				CLANG_WARN_BOOL_CONVERSION = YES;
				CLANG_WARN_COMMA = YES;
				CLANG_WARN_CONSTANT_CONVERSION = YES;
				CLANG_WARN_DEPRECATED_OBJC_IMPLEMENTATIONS = YES;
				CLANG_WARN_DIRECT_OBJC_ISA_USAGE = YES_ERROR;
				CLANG_WARN_DOCUMENTATION_COMMENTS = YES;
				CLANG_WARN_EMPTY_BODY = YES;
				CLANG_WARN_ENUM_CONVERSION = YES;
				CLANG_WARN_INFINITE_RECURSION = YES;
				CLANG_WARN_INT_CONVERSION = YES;
				CLANG_WARN_NON_LITERAL_NULL_CONVERSION = YES;
				CLANG_WARN_OBJC_IMPLICIT_RETAIN_SELF = YES;
				CLANG_WARN_OBJC_LITERAL_CONVERSION = YES;
				CLANG_WARN_OBJC_ROOT_CLASS = YES_ERROR;
				CLANG_WARN_RANGE_LOOP_ANALYSIS = YES;
				CLANG_WARN_STRICT_PROTOTYPES = YES;
				CLANG_WARN_SUSPICIOUS_MOVE = YES;
				CLANG_WARN_UNGUARDED_AVAILABILITY = YES_AGGRESSIVE;
				CLANG_WARN_UNREACHABLE_CODE = YES;
				CLANG_WARN__DUPLICATE_METHOD_MATCH = YES;
				CODE_SIGN_IDENTITY = "iPhone Developer";
				COPY_PHASE_STRIP = NO;
				DEBUG_INFORMATION_FORMAT = "dwarf-with-dsym";
				ENABLE_NS_ASSERTIONS = NO;
				ENABLE_STRICT_OBJC_MSGSEND = YES;
				GCC_C_LANGUAGE_STANDARD = gnu11;
				GCC_NO_COMMON_BLOCKS = YES;
				GCC_WARN_64_TO_32_BIT_CONVERSION = YES;
				GCC_WARN_ABOUT_RETURN_TYPE = YES_ERROR;
				GCC_WARN_UNDECLARED_SELECTOR = YES;
				GCC_WARN_UNINITIALIZED_AUTOS = YES_AGGRESSIVE;
				GCC_WARN_UNUSED_FUNCTION = YES;
				GCC_WARN_UNUSED_VARIABLE = YES;
				IPHONEOS_DEPLOYMENT_TARGET = 12.1;
				MTL_ENABLE_DEBUG_INFO = NO;
				MTL_FAST_MATH = YES;
				SDKROOT = iphoneos;
				SWIFT_COMPILATION_MODE = wholemodule;
				SWIFT_OPTIMIZATION_LEVEL = "-O";
				VALIDATE_PRODUCT = YES;
			};
			name = Release;
		};
		2139F19E221F012A00BF790E /* Debug */ = {
			isa = XCBuildConfiguration;
			buildSettings = {
				ASSETCATALOG_COMPILER_APPICON_NAME = AppIcon;
				CODE_SIGN_STYLE = Automatic;
				DEVELOPMENT_TEAM = SFVRA5WZ6U;
				FRAMEWORK_SEARCH_PATHS = (
					"$(inherited)",
					"$(PROJECT_DIR)/Carthage/Build/iOS",
				);
				INFOPLIST_FILE = MailApp/Info.plist;
				LD_RUNPATH_SEARCH_PATHS = (
					"$(inherited)",
					"@executable_path/Frameworks",
					"@loader_path/Frameworks",
				);
				PRODUCT_BUNDLE_IDENTIFIER = com.santiago.MailApp;
				PRODUCT_NAME = "$(TARGET_NAME)";
				SWIFT_VERSION = 4.2;
				TARGETED_DEVICE_FAMILY = "1,2";
			};
			name = Debug;
		};
		2139F19F221F012A00BF790E /* Release */ = {
			isa = XCBuildConfiguration;
			buildSettings = {
				ASSETCATALOG_COMPILER_APPICON_NAME = AppIcon;
				CODE_SIGN_STYLE = Automatic;
				DEVELOPMENT_TEAM = SFVRA5WZ6U;
				FRAMEWORK_SEARCH_PATHS = (
					"$(inherited)",
					"$(PROJECT_DIR)/Carthage/Build/iOS",
				);
				INFOPLIST_FILE = MailApp/Info.plist;
				LD_RUNPATH_SEARCH_PATHS = (
					"$(inherited)",
					"@executable_path/Frameworks",
					"@loader_path/Frameworks",
				);
				PRODUCT_BUNDLE_IDENTIFIER = com.santiago.MailApp;
				PRODUCT_NAME = "$(TARGET_NAME)";
				SWIFT_VERSION = 4.2;
				TARGETED_DEVICE_FAMILY = "1,2";
			};
			name = Release;
		};
		2139F1A1221F012A00BF790E /* Debug */ = {
			isa = XCBuildConfiguration;
			buildSettings = {
				ALWAYS_EMBED_SWIFT_STANDARD_LIBRARIES = YES;
				BUNDLE_LOADER = "$(TEST_HOST)";
				CODE_SIGN_STYLE = Automatic;
				DEVELOPMENT_TEAM = 687AW47ZYK;
				INFOPLIST_FILE = MailAppTests/Info.plist;
				LD_RUNPATH_SEARCH_PATHS = (
					"$(inherited)",
					"@executable_path/Frameworks",
					"@loader_path/Frameworks",
				);
				PRODUCT_BUNDLE_IDENTIFIER = com.santiago.MailAppTests;
				PRODUCT_NAME = "$(TARGET_NAME)";
				SWIFT_VERSION = 4.2;
				TARGETED_DEVICE_FAMILY = "1,2";
				TEST_HOST = "$(BUILT_PRODUCTS_DIR)/MailApp.app/MailApp";
			};
			name = Debug;
		};
		2139F1A2221F012A00BF790E /* Release */ = {
			isa = XCBuildConfiguration;
			buildSettings = {
				ALWAYS_EMBED_SWIFT_STANDARD_LIBRARIES = YES;
				BUNDLE_LOADER = "$(TEST_HOST)";
				CODE_SIGN_STYLE = Automatic;
				DEVELOPMENT_TEAM = 687AW47ZYK;
				INFOPLIST_FILE = MailAppTests/Info.plist;
				LD_RUNPATH_SEARCH_PATHS = (
					"$(inherited)",
					"@executable_path/Frameworks",
					"@loader_path/Frameworks",
				);
				PRODUCT_BUNDLE_IDENTIFIER = com.santiago.MailAppTests;
				PRODUCT_NAME = "$(TARGET_NAME)";
				SWIFT_VERSION = 4.2;
				TARGETED_DEVICE_FAMILY = "1,2";
				TEST_HOST = "$(BUILT_PRODUCTS_DIR)/MailApp.app/MailApp";
			};
			name = Release;
		};
/* End XCBuildConfiguration section */

/* Begin XCConfigurationList section */
		2139F178221F012800BF790E /* Build configuration list for PBXProject "MailApp" */ = {
			isa = XCConfigurationList;
			buildConfigurations = (
				2139F19B221F012A00BF790E /* Debug */,
				2139F19C221F012A00BF790E /* Release */,
			);
			defaultConfigurationIsVisible = 0;
			defaultConfigurationName = Release;
		};
		2139F19D221F012A00BF790E /* Build configuration list for PBXNativeTarget "MailApp" */ = {
			isa = XCConfigurationList;
			buildConfigurations = (
				2139F19E221F012A00BF790E /* Debug */,
				2139F19F221F012A00BF790E /* Release */,
			);
			defaultConfigurationIsVisible = 0;
			defaultConfigurationName = Release;
		};
		2139F1A0221F012A00BF790E /* Build configuration list for PBXNativeTarget "MailAppTests" */ = {
			isa = XCConfigurationList;
			buildConfigurations = (
				2139F1A1221F012A00BF790E /* Debug */,
				2139F1A2221F012A00BF790E /* Release */,
			);
			defaultConfigurationIsVisible = 0;
			defaultConfigurationName = Release;
		};
/* End XCConfigurationList section */

/* Begin XCVersionGroup section */
		2139F187221F012800BF790E /* MailApp.xcdatamodeld */ = {
			isa = XCVersionGroup;
			children = (
				2139F188221F012800BF790E /* MailApp.xcdatamodel */,
			);
			currentVersion = 2139F188221F012800BF790E /* MailApp.xcdatamodel */;
			path = MailApp.xcdatamodeld;
			sourceTree = "<group>";
			versionGroupType = wrapper.xcdatamodel;
		};
/* End XCVersionGroup section */
	};
	rootObject = 2139F175221F012800BF790E /* Project object */;
}
